// !$*UTF8*$!
{
	archiveVersion = 1;
	classes = {
	};
	objectVersion = 50;
	objects = {

/* Begin PBXBuildFile section */
		472602A224000C9600731135 /* ChartMyPositionView.swift in Sources */ = {isa = PBXBuildFile; fileRef = 472602A124000C9600731135 /* ChartMyPositionView.swift */; };
		473794532238E2E3005617D5 /* AppDelegate.swift in Sources */ = {isa = PBXBuildFile; fileRef = 473794522238E2E3005617D5 /* AppDelegate.swift */; };
		473794582238E2E3005617D5 /* Main.storyboard in Resources */ = {isa = PBXBuildFile; fileRef = 473794562238E2E3005617D5 /* Main.storyboard */; };
		4737945A2238E2E6005617D5 /* Assets.xcassets in Resources */ = {isa = PBXBuildFile; fileRef = 473794592238E2E6005617D5 /* Assets.xcassets */; };
		4737945D2238E2E6005617D5 /* LaunchScreen.storyboard in Resources */ = {isa = PBXBuildFile; fileRef = 4737945B2238E2E6005617D5 /* LaunchScreen.storyboard */; };
		473794652238E363005617D5 /* chart_data.json in Resources */ = {isa = PBXBuildFile; fileRef = 473794642238E363005617D5 /* chart_data.json */; };
		473794682238E3BF005617D5 /* ChartData.swift in Sources */ = {isa = PBXBuildFile; fileRef = 473794672238E3BF005617D5 /* ChartData.swift */; };
		4737946A2238E8F8005617D5 /* ChartDataParser.swift in Sources */ = {isa = PBXBuildFile; fileRef = 473794692238E8F8005617D5 /* ChartDataParser.swift */; };
		474902CB2247F9DA008D71E0 /* ChartInfoView.swift in Sources */ = {isa = PBXBuildFile; fileRef = 474902CA2247F9DA008D71E0 /* ChartInfoView.swift */; };
		475003A323FA5D3E0048443B /* ChartPointInfoView.swift in Sources */ = {isa = PBXBuildFile; fileRef = 475003A223FA5D3E0048443B /* ChartPointInfoView.swift */; };
		475003A523FA5D830048443B /* ChartPointIntersectionsView.swift in Sources */ = {isa = PBXBuildFile; fileRef = 475003A423FA5D830048443B /* ChartPointIntersectionsView.swift */; };
		475B81002242339800F80B05 /* ChartPreviewView.swift in Sources */ = {isa = PBXBuildFile; fileRef = 475B80FF2242339800F80B05 /* ChartPreviewView.swift */; };
		4772190722440DA600E5B227 /* ChartYAxisView.swift in Sources */ = {isa = PBXBuildFile; fileRef = 4772190622440DA600E5B227 /* ChartYAxisView.swift */; };
		4772190B2245659C00E5B227 /* ChartXAxisView.swift in Sources */ = {isa = PBXBuildFile; fileRef = 4772190A2245659C00E5B227 /* ChartXAxisView.swift */; };
		4772190F22479D6900E5B227 /* ChartTableViewController.swift in Sources */ = {isa = PBXBuildFile; fileRef = 4772190E22479D6900E5B227 /* ChartTableViewController.swift */; };
		4772191122479DD600E5B227 /* ChartTableViewCell.swift in Sources */ = {isa = PBXBuildFile; fileRef = 4772191022479DD600E5B227 /* ChartTableViewCell.swift */; };
		47740587223CBBAF008771BE /* ChartView.swift in Sources */ = {isa = PBXBuildFile; fileRef = 47740586223CBBAF008771BE /* ChartView.swift */; };
		477E9DD7225D320F00D72D55 /* Theme.swift in Sources */ = {isa = PBXBuildFile; fileRef = 477E9DD6225D320F00D72D55 /* Theme.swift */; };
		477E9DDA225D42F300D72D55 /* ChartsTableViewController.swift in Sources */ = {isa = PBXBuildFile; fileRef = 477E9DD9225D42F300D72D55 /* ChartsTableViewController.swift */; };
		477E9DDC225D434E00D72D55 /* SingleChartViewController.swift in Sources */ = {isa = PBXBuildFile; fileRef = 477E9DDB225D434E00D72D55 /* SingleChartViewController.swift */; };
		477E9DDF225E2F3600D72D55 /* contest in Resources */ = {isa = PBXBuildFile; fileRef = 477E9DDE225E2F3600D72D55 /* contest */; };
		477E9DE22260AEC900D72D55 /* ChartPresentationData.swift in Sources */ = {isa = PBXBuildFile; fileRef = 477E9DE12260AEC900D72D55 /* ChartPresentationData.swift */; };
		477E9DE4226377A500D72D55 /* ChartHeaderView.swift in Sources */ = {isa = PBXBuildFile; fileRef = 477E9DE3226377A500D72D55 /* ChartHeaderView.swift */; };
		477E9DE82264014000D72D55 /* ChartSettingsView.swift in Sources */ = {isa = PBXBuildFile; fileRef = 477E9DE72264014000D72D55 /* ChartSettingsView.swift */; };
		47B66F45223D8C58009E57A4 /* ChartLineView.swift in Sources */ = {isa = PBXBuildFile; fileRef = 47B66F44223D8C58009E57A4 /* ChartLineView.swift */; };
		47ECDD7423EC55CD009442C1 /* KmlPoints.swift in Sources */ = {isa = PBXBuildFile; fileRef = 47ECDD7323EC55CD009442C1 /* KmlPoints.swift */; };
		47ECDD7623EC57AC009442C1 /* points in Resources */ = {isa = PBXBuildFile; fileRef = 47ECDD7523EC57AC009442C1 /* points */; };
/* End PBXBuildFile section */

/* Begin PBXFileReference section */
		472602A124000C9600731135 /* ChartMyPositionView.swift */ = {isa = PBXFileReference; lastKnownFileType = sourcecode.swift; path = ChartMyPositionView.swift; sourceTree = "<group>"; };
		4737944F2238E2E3005617D5 /* Charts.app */ = {isa = PBXFileReference; explicitFileType = wrapper.application; includeInIndex = 0; path = Charts.app; sourceTree = BUILT_PRODUCTS_DIR; };
		473794522238E2E3005617D5 /* AppDelegate.swift */ = {isa = PBXFileReference; lastKnownFileType = sourcecode.swift; path = AppDelegate.swift; sourceTree = "<group>"; };
		473794572238E2E3005617D5 /* Base */ = {isa = PBXFileReference; lastKnownFileType = file.storyboard; name = Base; path = Base.lproj/Main.storyboard; sourceTree = "<group>"; };
		473794592238E2E6005617D5 /* Assets.xcassets */ = {isa = PBXFileReference; lastKnownFileType = folder.assetcatalog; path = Assets.xcassets; sourceTree = "<group>"; };
		4737945C2238E2E6005617D5 /* Base */ = {isa = PBXFileReference; lastKnownFileType = file.storyboard; name = Base; path = Base.lproj/LaunchScreen.storyboard; sourceTree = "<group>"; };
		4737945E2238E2E6005617D5 /* Info.plist */ = {isa = PBXFileReference; lastKnownFileType = text.plist.xml; path = Info.plist; sourceTree = "<group>"; };
		473794642238E363005617D5 /* chart_data.json */ = {isa = PBXFileReference; fileEncoding = 4; lastKnownFileType = text.json; path = chart_data.json; sourceTree = "<group>"; };
		473794672238E3BF005617D5 /* ChartData.swift */ = {isa = PBXFileReference; lastKnownFileType = sourcecode.swift; path = ChartData.swift; sourceTree = "<group>"; };
		473794692238E8F8005617D5 /* ChartDataParser.swift */ = {isa = PBXFileReference; lastKnownFileType = sourcecode.swift; path = ChartDataParser.swift; sourceTree = "<group>"; };
		474902CA2247F9DA008D71E0 /* ChartInfoView.swift */ = {isa = PBXFileReference; lastKnownFileType = sourcecode.swift; path = ChartInfoView.swift; sourceTree = "<group>"; };
		475003A223FA5D3E0048443B /* ChartPointInfoView.swift */ = {isa = PBXFileReference; lastKnownFileType = sourcecode.swift; path = ChartPointInfoView.swift; sourceTree = "<group>"; };
		475003A423FA5D830048443B /* ChartPointIntersectionsView.swift */ = {isa = PBXFileReference; lastKnownFileType = sourcecode.swift; path = ChartPointIntersectionsView.swift; sourceTree = "<group>"; };
		475B80FF2242339800F80B05 /* ChartPreviewView.swift */ = {isa = PBXFileReference; lastKnownFileType = sourcecode.swift; path = ChartPreviewView.swift; sourceTree = "<group>"; };
		4772190622440DA600E5B227 /* ChartYAxisView.swift */ = {isa = PBXFileReference; lastKnownFileType = sourcecode.swift; path = ChartYAxisView.swift; sourceTree = "<group>"; };
		4772190A2245659C00E5B227 /* ChartXAxisView.swift */ = {isa = PBXFileReference; lastKnownFileType = sourcecode.swift; path = ChartXAxisView.swift; sourceTree = "<group>"; };
		4772190E22479D6900E5B227 /* ChartTableViewController.swift */ = {isa = PBXFileReference; lastKnownFileType = sourcecode.swift; path = ChartTableViewController.swift; sourceTree = "<group>"; };
		4772191022479DD600E5B227 /* ChartTableViewCell.swift */ = {isa = PBXFileReference; lastKnownFileType = sourcecode.swift; path = ChartTableViewCell.swift; sourceTree = "<group>"; };
		47740586223CBBAF008771BE /* ChartView.swift */ = {isa = PBXFileReference; lastKnownFileType = sourcecode.swift; path = ChartView.swift; sourceTree = "<group>"; };
		477E9DD6225D320F00D72D55 /* Theme.swift */ = {isa = PBXFileReference; lastKnownFileType = sourcecode.swift; path = Theme.swift; sourceTree = "<group>"; };
		477E9DD9225D42F300D72D55 /* ChartsTableViewController.swift */ = {isa = PBXFileReference; fileEncoding = 4; lastKnownFileType = sourcecode.swift; path = ChartsTableViewController.swift; sourceTree = "<group>"; };
		477E9DDB225D434E00D72D55 /* SingleChartViewController.swift */ = {isa = PBXFileReference; lastKnownFileType = sourcecode.swift; path = SingleChartViewController.swift; sourceTree = "<group>"; };
		477E9DDE225E2F3600D72D55 /* contest */ = {isa = PBXFileReference; lastKnownFileType = folder; path = contest; sourceTree = "<group>"; };
		477E9DE12260AEC900D72D55 /* ChartPresentationData.swift */ = {isa = PBXFileReference; lastKnownFileType = sourcecode.swift; path = ChartPresentationData.swift; sourceTree = "<group>"; };
		477E9DE3226377A500D72D55 /* ChartHeaderView.swift */ = {isa = PBXFileReference; lastKnownFileType = sourcecode.swift; path = ChartHeaderView.swift; sourceTree = "<group>"; };
		477E9DE72264014000D72D55 /* ChartSettingsView.swift */ = {isa = PBXFileReference; lastKnownFileType = sourcecode.swift; path = ChartSettingsView.swift; sourceTree = "<group>"; };
		47B66F40223CED63009E57A4 /* Foundation.framework */ = {isa = PBXFileReference; lastKnownFileType = wrapper.framework; name = Foundation.framework; path = System/Library/Frameworks/Foundation.framework; sourceTree = SDKROOT; };
		47B66F42223CED69009E57A4 /* UIKit.framework */ = {isa = PBXFileReference; lastKnownFileType = wrapper.framework; name = UIKit.framework; path = System/Library/Frameworks/UIKit.framework; sourceTree = SDKROOT; };
		47B66F44223D8C58009E57A4 /* ChartLineView.swift */ = {isa = PBXFileReference; lastKnownFileType = sourcecode.swift; path = ChartLineView.swift; sourceTree = "<group>"; };
		47ECDD7323EC55CD009442C1 /* KmlPoints.swift */ = {isa = PBXFileReference; lastKnownFileType = sourcecode.swift; path = KmlPoints.swift; sourceTree = "<group>"; };
		47ECDD7523EC57AC009442C1 /* points */ = {isa = PBXFileReference; lastKnownFileType = text; path = points; sourceTree = "<group>"; };
/* End PBXFileReference section */

/* Begin PBXFrameworksBuildPhase section */
		4737944C2238E2E3005617D5 /* Frameworks */ = {
			isa = PBXFrameworksBuildPhase;
			buildActionMask = 2147483647;
			files = (
			);
			runOnlyForDeploymentPostprocessing = 0;
		};
/* End PBXFrameworksBuildPhase section */

/* Begin PBXGroup section */
		473794462238E2E3005617D5 = {
			isa = PBXGroup;
			children = (
				473794512238E2E3005617D5 /* Charts */,
				473794502238E2E3005617D5 /* Products */,
				47B66F3F223CED63009E57A4 /* Frameworks */,
			);
			sourceTree = "<group>";
		};
		473794502238E2E3005617D5 /* Products */ = {
			isa = PBXGroup;
			children = (
				4737944F2238E2E3005617D5 /* Charts.app */,
			);
			name = Products;
			sourceTree = "<group>";
		};
		473794512238E2E3005617D5 /* Charts */ = {
			isa = PBXGroup;
			children = (
				477E9DD5225D31F500D72D55 /* Theme */,
				473794662238E38F005617D5 /* ChartData */,
				475B80FD22403E5900F80B05 /* Views */,
				477E9DDD225D435700D72D55 /* ViewControllers */,
				473794522238E2E3005617D5 /* AppDelegate.swift */,
				473794562238E2E3005617D5 /* Main.storyboard */,
				473794592238E2E6005617D5 /* Assets.xcassets */,
				4737945B2238E2E6005617D5 /* LaunchScreen.storyboard */,
				473794642238E363005617D5 /* chart_data.json */,
				477E9DDE225E2F3600D72D55 /* contest */,
				4737945E2238E2E6005617D5 /* Info.plist */,
				47ECDD7523EC57AC009442C1 /* points */,
			);
			path = Charts;
			sourceTree = "<group>";
		};
		473794662238E38F005617D5 /* ChartData */ = {
			isa = PBXGroup;
			children = (
				473794672238E3BF005617D5 /* ChartData.swift */,
				473794692238E8F8005617D5 /* ChartDataParser.swift */,
				477E9DE12260AEC900D72D55 /* ChartPresentationData.swift */,
				47ECDD7323EC55CD009442C1 /* KmlPoints.swift */,
			);
			path = ChartData;
			sourceTree = "<group>";
		};
		475003A123FA5D0A0048443B /* ChartInfo */ = {
			isa = PBXGroup;
			children = (
				474902CA2247F9DA008D71E0 /* ChartInfoView.swift */,
				475003A223FA5D3E0048443B /* ChartPointInfoView.swift */,
				475003A423FA5D830048443B /* ChartPointIntersectionsView.swift */,
				472602A124000C9600731135 /* ChartMyPositionView.swift */,
			);
			path = ChartInfo;
			sourceTree = "<group>";
		};
		475B80FD22403E5900F80B05 /* Views */ = {
			isa = PBXGroup;
			children = (
				475003A123FA5D0A0048443B /* ChartInfo */,
				47740586223CBBAF008771BE /* ChartView.swift */,
				47B66F44223D8C58009E57A4 /* ChartLineView.swift */,
				475B80FF2242339800F80B05 /* ChartPreviewView.swift */,
				4772190622440DA600E5B227 /* ChartYAxisView.swift */,
				4772190A2245659C00E5B227 /* ChartXAxisView.swift */,
				477E9DE3226377A500D72D55 /* ChartHeaderView.swift */,
				477E9DE72264014000D72D55 /* ChartSettingsView.swift */,
			);
			path = Views;
			sourceTree = "<group>";
		};
		477E9DD5225D31F500D72D55 /* Theme */ = {
			isa = PBXGroup;
			children = (
				477E9DD6225D320F00D72D55 /* Theme.swift */,
			);
			path = Theme;
			sourceTree = "<group>";
		};
		477E9DDD225D435700D72D55 /* ViewControllers */ = {
			isa = PBXGroup;
			children = (
				4772191022479DD600E5B227 /* ChartTableViewCell.swift */,
				477E9DD9225D42F300D72D55 /* ChartsTableViewController.swift */,
				4772190E22479D6900E5B227 /* ChartTableViewController.swift */,
				477E9DDB225D434E00D72D55 /* SingleChartViewController.swift */,
			);
			path = ViewControllers;
			sourceTree = "<group>";
		};
		47B66F3F223CED63009E57A4 /* Frameworks */ = {
			isa = PBXGroup;
			children = (
				47B66F42223CED69009E57A4 /* UIKit.framework */,
				47B66F40223CED63009E57A4 /* Foundation.framework */,
			);
			name = Frameworks;
			sourceTree = "<group>";
		};
/* End PBXGroup section */

/* Begin PBXNativeTarget section */
		4737944E2238E2E3005617D5 /* Charts */ = {
			isa = PBXNativeTarget;
			buildConfigurationList = 473794612238E2E6005617D5 /* Build configuration list for PBXNativeTarget "Charts" */;
			buildPhases = (
				4737944B2238E2E3005617D5 /* Sources */,
				4737944C2238E2E3005617D5 /* Frameworks */,
				4737944D2238E2E3005617D5 /* Resources */,
			);
			buildRules = (
			);
			dependencies = (
			);
			name = Charts;
			productName = Charts;
			productReference = 4737944F2238E2E3005617D5 /* Charts.app */;
			productType = "com.apple.product-type.application";
		};
/* End PBXNativeTarget section */

/* Begin PBXProject section */
		473794472238E2E3005617D5 /* Project object */ = {
			isa = PBXProject;
			attributes = {
				LastSwiftUpdateCheck = 1010;
				LastUpgradeCheck = 1010;
				ORGANIZATIONNAME = aleksey.belousov;
				TargetAttributes = {
					4737944E2238E2E3005617D5 = {
						CreatedOnToolsVersion = 10.1;
						LastSwiftMigration = 1130;
					};
				};
			};
			buildConfigurationList = 4737944A2238E2E3005617D5 /* Build configuration list for PBXProject "Charts" */;
			compatibilityVersion = "Xcode 9.3";
			developmentRegion = en;
			hasScannedForEncodings = 0;
			knownRegions = (
				en,
				Base,
			);
			mainGroup = 473794462238E2E3005617D5;
			productRefGroup = 473794502238E2E3005617D5 /* Products */;
			projectDirPath = "";
			projectRoot = "";
			targets = (
				4737944E2238E2E3005617D5 /* Charts */,
			);
		};
/* End PBXProject section */

/* Begin PBXResourcesBuildPhase section */
		4737944D2238E2E3005617D5 /* Resources */ = {
			isa = PBXResourcesBuildPhase;
			buildActionMask = 2147483647;
			files = (
				4737945D2238E2E6005617D5 /* LaunchScreen.storyboard in Resources */,
				4737945A2238E2E6005617D5 /* Assets.xcassets in Resources */,
				473794652238E363005617D5 /* chart_data.json in Resources */,
				47ECDD7623EC57AC009442C1 /* points in Resources */,
				473794582238E2E3005617D5 /* Main.storyboard in Resources */,
				477E9DDF225E2F3600D72D55 /* contest in Resources */,
			);
			runOnlyForDeploymentPostprocessing = 0;
		};
/* End PBXResourcesBuildPhase section */

/* Begin PBXSourcesBuildPhase section */
		4737944B2238E2E3005617D5 /* Sources */ = {
			isa = PBXSourcesBuildPhase;
			buildActionMask = 2147483647;
			files = (
				4772190F22479D6900E5B227 /* ChartTableViewController.swift in Sources */,
				47ECDD7423EC55CD009442C1 /* KmlPoints.swift in Sources */,
				474902CB2247F9DA008D71E0 /* ChartInfoView.swift in Sources */,
				4737946A2238E8F8005617D5 /* ChartDataParser.swift in Sources */,
				4772191122479DD600E5B227 /* ChartTableViewCell.swift in Sources */,
				477E9DE22260AEC900D72D55 /* ChartPresentationData.swift in Sources */,
				47B66F45223D8C58009E57A4 /* ChartLineView.swift in Sources */,
				477E9DE4226377A500D72D55 /* ChartHeaderView.swift in Sources */,
				475003A323FA5D3E0048443B /* ChartPointInfoView.swift in Sources */,
				473794682238E3BF005617D5 /* ChartData.swift in Sources */,
				47740587223CBBAF008771BE /* ChartView.swift in Sources */,
				475003A523FA5D830048443B /* ChartPointIntersectionsView.swift in Sources */,
				477E9DDC225D434E00D72D55 /* SingleChartViewController.swift in Sources */,
				4772190B2245659C00E5B227 /* ChartXAxisView.swift in Sources */,
				477E9DDA225D42F300D72D55 /* ChartsTableViewController.swift in Sources */,
				477E9DE82264014000D72D55 /* ChartSettingsView.swift in Sources */,
				4772190722440DA600E5B227 /* ChartYAxisView.swift in Sources */,
				472602A224000C9600731135 /* ChartMyPositionView.swift in Sources */,
				477E9DD7225D320F00D72D55 /* Theme.swift in Sources */,
				473794532238E2E3005617D5 /* AppDelegate.swift in Sources */,
				475B81002242339800F80B05 /* ChartPreviewView.swift in Sources */,
			);
			runOnlyForDeploymentPostprocessing = 0;
		};
/* End PBXSourcesBuildPhase section */

/* Begin PBXVariantGroup section */
		473794562238E2E3005617D5 /* Main.storyboard */ = {
			isa = PBXVariantGroup;
			children = (
				473794572238E2E3005617D5 /* Base */,
			);
			name = Main.storyboard;
			sourceTree = "<group>";
		};
		4737945B2238E2E6005617D5 /* LaunchScreen.storyboard */ = {
			isa = PBXVariantGroup;
			children = (
				4737945C2238E2E6005617D5 /* Base */,
			);
			name = LaunchScreen.storyboard;
			sourceTree = "<group>";
		};
/* End PBXVariantGroup section */

/* Begin XCBuildConfiguration section */
		4737945F2238E2E6005617D5 /* Debug */ = {
			isa = XCBuildConfiguration;
			buildSettings = {
				ALWAYS_SEARCH_USER_PATHS = NO;
				CLANG_ANALYZER_NONNULL = YES;
				CLANG_ANALYZER_NUMBER_OBJECT_CONVERSION = YES_AGGRESSIVE;
				CLANG_CXX_LANGUAGE_STANDARD = "gnu++14";
				CLANG_CXX_LIBRARY = "libc++";
				CLANG_ENABLE_MODULES = YES;
				CLANG_ENABLE_OBJC_ARC = YES;
				CLANG_ENABLE_OBJC_WEAK = YES;
				CLANG_WARN_BLOCK_CAPTURE_AUTORELEASING = YES;
				CLANG_WARN_BOOL_CONVERSION = YES;
				CLANG_WARN_COMMA = YES;
				CLANG_WARN_CONSTANT_CONVERSION = YES;
				CLANG_WARN_DEPRECATED_OBJC_IMPLEMENTATIONS = YES;
				CLANG_WARN_DIRECT_OBJC_ISA_USAGE = YES_ERROR;
				CLANG_WARN_DOCUMENTATION_COMMENTS = YES;
				CLANG_WARN_EMPTY_BODY = YES;
				CLANG_WARN_ENUM_CONVERSION = YES;
				CLANG_WARN_INFINITE_RECURSION = YES;
				CLANG_WARN_INT_CONVERSION = YES;
				CLANG_WARN_NON_LITERAL_NULL_CONVERSION = YES;
				CLANG_WARN_OBJC_IMPLICIT_RETAIN_SELF = YES;
				CLANG_WARN_OBJC_LITERAL_CONVERSION = YES;
				CLANG_WARN_OBJC_ROOT_CLASS = YES_ERROR;
				CLANG_WARN_RANGE_LOOP_ANALYSIS = YES;
				CLANG_WARN_STRICT_PROTOTYPES = YES;
				CLANG_WARN_SUSPICIOUS_MOVE = YES;
				CLANG_WARN_UNGUARDED_AVAILABILITY = YES_AGGRESSIVE;
				CLANG_WARN_UNREACHABLE_CODE = YES;
				CLANG_WARN__DUPLICATE_METHOD_MATCH = YES;
				CODE_SIGN_IDENTITY = "iPhone Developer";
				COPY_PHASE_STRIP = NO;
				DEBUG_INFORMATION_FORMAT = dwarf;
				ENABLE_STRICT_OBJC_MSGSEND = YES;
				ENABLE_TESTABILITY = YES;
				GCC_C_LANGUAGE_STANDARD = gnu11;
				GCC_DYNAMIC_NO_PIC = NO;
				GCC_NO_COMMON_BLOCKS = YES;
				GCC_OPTIMIZATION_LEVEL = 0;
				GCC_PREPROCESSOR_DEFINITIONS = (
					"DEBUG=1",
					"$(inherited)",
				);
				GCC_WARN_64_TO_32_BIT_CONVERSION = YES;
				GCC_WARN_ABOUT_RETURN_TYPE = YES_ERROR;
				GCC_WARN_UNDECLARED_SELECTOR = YES;
				GCC_WARN_UNINITIALIZED_AUTOS = YES_AGGRESSIVE;
				GCC_WARN_UNUSED_FUNCTION = YES;
				GCC_WARN_UNUSED_VARIABLE = YES;
				IPHONEOS_DEPLOYMENT_TARGET = 12.1;
				MTL_ENABLE_DEBUG_INFO = INCLUDE_SOURCE;
				MTL_FAST_MATH = YES;
				ONLY_ACTIVE_ARCH = YES;
				SDKROOT = iphoneos;
				SWIFT_ACTIVE_COMPILATION_CONDITIONS = DEBUG;
				SWIFT_OPTIMIZATION_LEVEL = "-Onone";
			};
			name = Debug;
		};
		473794602238E2E6005617D5 /* Release */ = {
			isa = XCBuildConfiguration;
			buildSettings = {
				ALWAYS_SEARCH_USER_PATHS = NO;
				CLANG_ANALYZER_NONNULL = YES;
				CLANG_ANALYZER_NUMBER_OBJECT_CONVERSION = YES_AGGRESSIVE;
				CLANG_CXX_LANGUAGE_STANDARD = "gnu++14";
				CLANG_CXX_LIBRARY = "libc++";
				CLANG_ENABLE_MODULES = YES;
				CLANG_ENABLE_OBJC_ARC = YES;
				CLANG_ENABLE_OBJC_WEAK = YES;
				CLANG_WARN_BLOCK_CAPTURE_AUTORELEASING = YES;
				CLANG_WARN_BOOL_CONVERSION = YES;
				CLANG_WARN_COMMA = YES;
				CLANG_WARN_CONSTANT_CONVERSION = YES;
				CLANG_WARN_DEPRECATED_OBJC_IMPLEMENTATIONS = YES;
				CLANG_WARN_DIRECT_OBJC_ISA_USAGE = YES_ERROR;
				CLANG_WARN_DOCUMENTATION_COMMENTS = YES;
				CLANG_WARN_EMPTY_BODY = YES;
				CLANG_WARN_ENUM_CONVERSION = YES;
				CLANG_WARN_INFINITE_RECURSION = YES;
				CLANG_WARN_INT_CONVERSION = YES;
				CLANG_WARN_NON_LITERAL_NULL_CONVERSION = YES;
				CLANG_WARN_OBJC_IMPLICIT_RETAIN_SELF = YES;
				CLANG_WARN_OBJC_LITERAL_CONVERSION = YES;
				CLANG_WARN_OBJC_ROOT_CLASS = YES_ERROR;
				CLANG_WARN_RANGE_LOOP_ANALYSIS = YES;
				CLANG_WARN_STRICT_PROTOTYPES = YES;
				CLANG_WARN_SUSPICIOUS_MOVE = YES;
				CLANG_WARN_UNGUARDED_AVAILABILITY = YES_AGGRESSIVE;
				CLANG_WARN_UNREACHABLE_CODE = YES;
				CLANG_WARN__DUPLICATE_METHOD_MATCH = YES;
				CODE_SIGN_IDENTITY = "iPhone Developer";
				COPY_PHASE_STRIP = NO;
				DEBUG_INFORMATION_FORMAT = "dwarf-with-dsym";
				ENABLE_NS_ASSERTIONS = NO;
				ENABLE_STRICT_OBJC_MSGSEND = YES;
				GCC_C_LANGUAGE_STANDARD = gnu11;
				GCC_NO_COMMON_BLOCKS = YES;
				GCC_WARN_64_TO_32_BIT_CONVERSION = YES;
				GCC_WARN_ABOUT_RETURN_TYPE = YES_ERROR;
				GCC_WARN_UNDECLARED_SELECTOR = YES;
				GCC_WARN_UNINITIALIZED_AUTOS = YES_AGGRESSIVE;
				GCC_WARN_UNUSED_FUNCTION = YES;
				GCC_WARN_UNUSED_VARIABLE = YES;
				IPHONEOS_DEPLOYMENT_TARGET = 12.1;
				MTL_ENABLE_DEBUG_INFO = NO;
				MTL_FAST_MATH = YES;
				SDKROOT = iphoneos;
				SWIFT_COMPILATION_MODE = wholemodule;
				SWIFT_OPTIMIZATION_LEVEL = "-O";
				VALIDATE_PRODUCT = YES;
			};
			name = Release;
		};
		473794622238E2E6005617D5 /* Debug */ = {
			isa = XCBuildConfiguration;
			buildSettings = {
				ASSETCATALOG_COMPILER_APPICON_NAME = AppIcon;
				CODE_SIGN_STYLE = Automatic;
				DEVELOPMENT_TEAM = 8L2P6RXNG7;
				INFOPLIST_FILE = Charts/Info.plist;
				IPHONEOS_DEPLOYMENT_TARGET = 12.0;
				LD_RUNPATH_SEARCH_PATHS = (
					"$(inherited)",
					"@executable_path/Frameworks",
				);
				PRODUCT_BUNDLE_IDENTIFIER = com.beloal.tgcharts1;
				PRODUCT_NAME = "$(TARGET_NAME)";
				SWIFT_VERSION = 5.0;
				TARGETED_DEVICE_FAMILY = 1;
				VALID_ARCHS = "arm64 arm64e";
				"VALID_ARCHS[sdk=iphonesimulator*]" = x86_64;
			};
			name = Debug;
		};
		473794632238E2E6005617D5 /* Release */ = {
			isa = XCBuildConfiguration;
			buildSettings = {
				ASSETCATALOG_COMPILER_APPICON_NAME = AppIcon;
				CODE_SIGN_STYLE = Automatic;
				DEVELOPMENT_TEAM = 8L2P6RXNG7;
				INFOPLIST_FILE = Charts/Info.plist;
				IPHONEOS_DEPLOYMENT_TARGET = 12.0;
				LD_RUNPATH_SEARCH_PATHS = (
					"$(inherited)",
					"@executable_path/Frameworks",
				);
				PRODUCT_BUNDLE_IDENTIFIER = com.beloal.tgcharts1;
				PRODUCT_NAME = "$(TARGET_NAME)";
				SWIFT_VERSION = 5.0;
				TARGETED_DEVICE_FAMILY = 1;
				VALID_ARCHS = "arm64 arm64e";
			};
			name = Release;
		};
/* End XCBuildConfiguration section */

/* Begin XCConfigurationList section */
		4737944A2238E2E3005617D5 /* Build configuration list for PBXProject "Charts" */ = {
			isa = XCConfigurationList;
			buildConfigurations = (
				4737945F2238E2E6005617D5 /* Debug */,
				473794602238E2E6005617D5 /* Release */,
			);
			defaultConfigurationIsVisible = 0;
			defaultConfigurationName = Release;
		};
		473794612238E2E6005617D5 /* Build configuration list for PBXNativeTarget "Charts" */ = {
			isa = XCConfigurationList;
			buildConfigurations = (
				473794622238E2E6005617D5 /* Debug */,
				473794632238E2E6005617D5 /* Release */,
			);
			defaultConfigurationIsVisible = 0;
			defaultConfigurationName = Release;
		};
/* End XCConfigurationList section */
	};
	rootObject = 473794472238E2E3005617D5 /* Project object */;
}
